
Microsoft Visual Studio Solution File, Format Version 12.00
# Visual Studio Version 16
VisualStudioVersion = 16.0.31321.278
MinimumVisualStudioVersion = 10.0.40219.1
Project("{FAE04EC0-301F-11D3-BF4B-00C04F79EFBC}") = "SauceLabUIAutomation", "SauceLabUIAutomation\SauceLabUIAutomation.csproj", "{756FA94F-A61D-48D8-8076-9CB63D3979FB}"
EndProject
Global
	GlobalSection(SolutionConfigurationPlatforms) = preSolution
		Debug|Any CPU = Debug|Any CPU
		Release|Any CPU = Release|Any CPU
	EndGlobalSection
	GlobalSection(ProjectConfigurationPlatforms) = postSolution
		{756FA94F-A61D-48D8-8076-9CB63D3979FB}.Debug|Any CPU.ActiveCfg = Debug|Any CPU
		{756FA94F-A61D-48D8-8076-9CB63D3979FB}.Debug|Any CPU.Build.0 = Debug|Any CPU
		{756FA94F-A61D-48D8-8076-9CB63D3979FB}.Release|Any CPU.ActiveCfg = Release|Any CPU
		{756FA94F-A61D-48D8-8076-9CB63D3979FB}.Release|Any CPU.Build.0 = Release|Any CPU
	EndGlobalSection
	GlobalSection(SolutionProperties) = preSolution
		HideSolutionNode = FALSE
	EndGlobalSection
	GlobalSection(ExtensibilityGlobals) = postSolution
		SolutionGuid = {D9335547-E853-4908-8136-7FA8CF50CD64}
	EndGlobalSection
EndGlobal
